
Microsoft Visual Studio Solution File, Format Version 12.00
# Visual Studio Version 17
VisualStudioVersion = 17.2.32616.157
MinimumVisualStudioVersion = 10.0.40219.1
Project("{FAE04EC0-301F-11D3-BF4B-00C04F79EFBC}") = "WpfApp1", "WpfApp1\WpfApp1.csproj", "{1A61D3BD-2193-495C-8468-6B4BD66E647E}"
EndProject
Global
	GlobalSection(SolutionConfigurationPlatforms) = preSolution
		Debug|Any CPU = Debug|Any CPU
		Release|Any CPU = Release|Any CPU
	EndGlobalSection
	GlobalSection(ProjectConfigurationPlatforms) = postSolution
		{1A61D3BD-2193-495C-8468-6B4BD66E647E}.Debug|Any CPU.ActiveCfg = Debug|Any CPU
		{1A61D3BD-2193-495C-8468-6B4BD66E647E}.Debug|Any CPU.Build.0 = Debug|Any CPU
		{1A61D3BD-2193-495C-8468-6B4BD66E647E}.Release|Any CPU.ActiveCfg = Release|Any CPU
		{1A61D3BD-2193-495C-8468-6B4BD66E647E}.Release|Any CPU.Build.0 = Release|Any CPU
	EndGlobalSection
	GlobalSection(SolutionProperties) = preSolution
		HideSolutionNode = FALSE
	EndGlobalSection
	GlobalSection(ExtensibilityGlobals) = postSolution
		SolutionGuid = {523B60A5-4B08-47CF-BE8E-340CE6EBC6D2}
	EndGlobalSection
EndGlobal
